
Microsoft Visual Studio Solution File, Format Version 12.00
# Visual Studio Version 16
VisualStudioVersion = 16.0.31702.278
MinimumVisualStudioVersion = 10.0.40219.1
Project("{FAE04EC0-301F-11D3-BF4B-00C04F79EFBC}") = "FindPet", "FindPet.csproj", "{42E5A733-70AC-4AF5-91E4-F566899ADD9F}"
EndProject
Project("{2150E333-8FDC-42A3-9474-1A3956D46DE8}") = "Solution Items", "Solution Items", "{804841F2-23BE-480C-81D5-47B500086712}"
EndProject
Global
	GlobalSection(SolutionConfigurationPlatforms) = preSolution
		Debug|Any CPU = Debug|Any CPU
		Release|Any CPU = Release|Any CPU
	EndGlobalSection
	GlobalSection(ProjectConfigurationPlatforms) = postSolution
		{42E5A733-70AC-4AF5-91E4-F566899ADD9F}.Debug|Any CPU.ActiveCfg = Debug|Any CPU
		{42E5A733-70AC-4AF5-91E4-F566899ADD9F}.Debug|Any CPU.Build.0 = Debug|Any CPU
		{42E5A733-70AC-4AF5-91E4-F566899ADD9F}.Release|Any CPU.ActiveCfg = Release|Any CPU
		{42E5A733-70AC-4AF5-91E4-F566899ADD9F}.Release|Any CPU.Build.0 = Release|Any CPU
	EndGlobalSection
	GlobalSection(SolutionProperties) = preSolution
		HideSolutionNode = FALSE
	EndGlobalSection
	GlobalSection(ExtensibilityGlobals) = postSolution
		SolutionGuid = {8D034129-76B6-4C09-9600-F349EEDFE4FB}
	EndGlobalSection
EndGlobal
